
Microsoft Visual Studio Solution File, Format Version 12.00
# Visual Studio Version 16
VisualStudioVersion = 16.0.30114.105
MinimumVisualStudioVersion = 10.0.40219.1
Project("{FAE04EC0-301F-11D3-BF4B-00C04F79EFBC}") = "ServerApi", "ServerApi\ServerApi.csproj", "{7D1D21F9-EEF7-4EDA-A044-8D4881B1BCD5}"
EndProject
Project("{FAE04EC0-301F-11D3-BF4B-00C04F79EFBC}") = "ALS.Models", "ALS.Models\ALS.Models.csproj", "{5ED84387-24E0-42AB-8581-82415B91F264}"
EndProject
Project("{FAE04EC0-301F-11D3-BF4B-00C04F79EFBC}") = "ALS.Services", "ALS.Services\ALS.Services.csproj", "{111A76D6-31F7-46A5-8BDF-F16289A8114A}"
EndProject
Global
	GlobalSection(SolutionConfigurationPlatforms) = preSolution
		Debug|Any CPU = Debug|Any CPU
		Release|Any CPU = Release|Any CPU
	EndGlobalSection
	GlobalSection(SolutionProperties) = preSolution
		HideSolutionNode = FALSE
	EndGlobalSection
	GlobalSection(ProjectConfigurationPlatforms) = postSolution
		{7D1D21F9-EEF7-4EDA-A044-8D4881B1BCD5}.Debug|Any CPU.ActiveCfg = Debug|Any CPU
		{7D1D21F9-EEF7-4EDA-A044-8D4881B1BCD5}.Debug|Any CPU.Build.0 = Debug|Any CPU
		{7D1D21F9-EEF7-4EDA-A044-8D4881B1BCD5}.Release|Any CPU.ActiveCfg = Release|Any CPU
		{7D1D21F9-EEF7-4EDA-A044-8D4881B1BCD5}.Release|Any CPU.Build.0 = Release|Any CPU
		{5ED84387-24E0-42AB-8581-82415B91F264}.Debug|Any CPU.ActiveCfg = Debug|Any CPU
		{5ED84387-24E0-42AB-8581-82415B91F264}.Debug|Any CPU.Build.0 = Debug|Any CPU
		{5ED84387-24E0-42AB-8581-82415B91F264}.Release|Any CPU.ActiveCfg = Release|Any CPU
		{5ED84387-24E0-42AB-8581-82415B91F264}.Release|Any CPU.Build.0 = Release|Any CPU
		{111A76D6-31F7-46A5-8BDF-F16289A8114A}.Debug|Any CPU.ActiveCfg = Debug|Any CPU
		{111A76D6-31F7-46A5-8BDF-F16289A8114A}.Debug|Any CPU.Build.0 = Debug|Any CPU
		{111A76D6-31F7-46A5-8BDF-F16289A8114A}.Release|Any CPU.ActiveCfg = Release|Any CPU
		{111A76D6-31F7-46A5-8BDF-F16289A8114A}.Release|Any CPU.Build.0 = Release|Any CPU
	EndGlobalSection
EndGlobal
